// !$*UTF8*$!
{
	archiveVersion = 1;
	classes = {
	};
	objectVersion = 46;
	objects = {

/* Begin PBXBuildFile section */
		9C3650641D5B420000CC713B /* main.m in Sources */ = {isa = PBXBuildFile; fileRef = 9C3650631D5B420000CC713B /* main.m */; };
		9C3650671D5B420000CC713B /* AppDelegate.m in Sources */ = {isa = PBXBuildFile; fileRef = 9C3650661D5B420000CC713B /* AppDelegate.m */; };
		9C36506A1D5B420000CC713B /* ViewController.m in Sources */ = {isa = PBXBuildFile; fileRef = 9C3650691D5B420000CC713B /* ViewController.m */; };
		9C36506D1D5B420000CC713B /* Main.storyboard in Resources */ = {isa = PBXBuildFile; fileRef = 9C36506B1D5B420000CC713B /* Main.storyboard */; };
		9C36506F1D5B420000CC713B /* Assets.xcassets in Resources */ = {isa = PBXBuildFile; fileRef = 9C36506E1D5B420000CC713B /* Assets.xcassets */; };
		9C3650721D5B420000CC713B /* LaunchScreen.storyboard in Resources */ = {isa = PBXBuildFile; fileRef = 9C3650701D5B420000CC713B /* LaunchScreen.storyboard */; };
		9C36507A1D5B496D00CC713B /* tab_home_view_select@2x.png in Resources */ = {isa = PBXBuildFile; fileRef = 9C3650791D5B496D00CC713B /* tab_home_view_select@2x.png */; };
		9C36507F1D5B61F700CC713B /* tab_home_view_unselect@2x.png in Resources */ = {isa = PBXBuildFile; fileRef = 9C36507E1D5B61F700CC713B /* tab_home_view_unselect@2x.png */; };
		9C3650881D5B681300CC713B /* GrideCell.m in Sources */ = {isa = PBXBuildFile; fileRef = 9C3650861D5B681300CC713B /* GrideCell.m */; };
		9C3650891D5B681300CC713B /* GrideCell.xib in Resources */ = {isa = PBXBuildFile; fileRef = 9C3650871D5B681300CC713B /* GrideCell.xib */; };
		9C36508C1D5B691600CC713B /* GrideViewCell.m in Sources */ = {isa = PBXBuildFile; fileRef = 9C36508B1D5B691600CC713B /* GrideViewCell.m */; };
		9C36508F1D5B6E4F00CC713B /* GrideItemView.m in Sources */ = {isa = PBXBuildFile; fileRef = 9C36508E1D5B6E4F00CC713B /* GrideItemView.m */; };
		9C5753A71D5B903000279D69 /* ZHPCellModel.m in Sources */ = {isa = PBXBuildFile; fileRef = 9C5753A61D5B903000279D69 /* ZHPCellModel.m */; };
/* End PBXBuildFile section */

/* Begin PBXFileReference section */
		9C36505F1D5B420000CC713B /* CollectionView行个数固定.app */ = {isa = PBXFileReference; explicitFileType = wrapper.application; includeInIndex = 0; path = "CollectionView行个数固定.app"; sourceTree = BUILT_PRODUCTS_DIR; };
		9C3650631D5B420000CC713B /* main.m */ = {isa = PBXFileReference; lastKnownFileType = sourcecode.c.objc; path = main.m; sourceTree = "<group>"; };
		9C3650651D5B420000CC713B /* AppDelegate.h */ = {isa = PBXFileReference; lastKnownFileType = sourcecode.c.h; path = AppDelegate.h; sourceTree = "<group>"; };
		9C3650661D5B420000CC713B /* AppDelegate.m */ = {isa = PBXFileReference; lastKnownFileType = sourcecode.c.objc; path = AppDelegate.m; sourceTree = "<group>"; };
		9C3650681D5B420000CC713B /* ViewController.h */ = {isa = PBXFileReference; lastKnownFileType = sourcecode.c.h; path = ViewController.h; sourceTree = "<group>"; };
		9C3650691D5B420000CC713B /* ViewController.m */ = {isa = PBXFileReference; lastKnownFileType = sourcecode.c.objc; path = ViewController.m; sourceTree = "<group>"; };
		9C36506C1D5B420000CC713B /* Base */ = {isa = PBXFileReference; lastKnownFileType = file.storyboard; name = Base; path = Base.lproj/Main.storyboard; sourceTree = "<group>"; };
		9C36506E1D5B420000CC713B /* Assets.xcassets */ = {isa = PBXFileReference; lastKnownFileType = folder.assetcatalog; path = Assets.xcassets; sourceTree = "<group>"; };
		9C3650711D5B420000CC713B /* Base */ = {isa = PBXFileReference; lastKnownFileType = file.storyboard; name = Base; path = Base.lproj/LaunchScreen.storyboard; sourceTree = "<group>"; };
		9C3650731D5B420000CC713B /* Info.plist */ = {isa = PBXFileReference; lastKnownFileType = text.plist.xml; path = Info.plist; sourceTree = "<group>"; };
		9C3650791D5B496D00CC713B /* tab_home_view_select@2x.png */ = {isa = PBXFileReference; lastKnownFileType = image.png; path = "tab_home_view_select@2x.png"; sourceTree = "<group>"; };
		9C36507E1D5B61F700CC713B /* tab_home_view_unselect@2x.png */ = {isa = PBXFileReference; lastKnownFileType = image.png; path = "tab_home_view_unselect@2x.png"; sourceTree = "<group>"; };
		9C3650851D5B681300CC713B /* GrideCell.h */ = {isa = PBXFileReference; fileEncoding = 4; lastKnownFileType = sourcecode.c.h; path = GrideCell.h; sourceTree = "<group>"; };
		9C3650861D5B681300CC713B /* GrideCell.m */ = {isa = PBXFileReference; fileEncoding = 4; lastKnownFileType = sourcecode.c.objc; path = GrideCell.m; sourceTree = "<group>"; };
		9C3650871D5B681300CC713B /* GrideCell.xib */ = {isa = PBXFileReference; fileEncoding = 4; lastKnownFileType = file.xib; path = GrideCell.xib; sourceTree = "<group>"; };
		9C36508A1D5B691600CC713B /* GrideViewCell.h */ = {isa = PBXFileReference; fileEncoding = 4; lastKnownFileType = sourcecode.c.h; path = GrideViewCell.h; sourceTree = "<group>"; };
		9C36508B1D5B691600CC713B /* GrideViewCell.m */ = {isa = PBXFileReference; fileEncoding = 4; lastKnownFileType = sourcecode.c.objc; path = GrideViewCell.m; sourceTree = "<group>"; };
		9C36508D1D5B6E4F00CC713B /* GrideItemView.h */ = {isa = PBXFileReference; fileEncoding = 4; lastKnownFileType = sourcecode.c.h; path = GrideItemView.h; sourceTree = "<group>"; };
		9C36508E1D5B6E4F00CC713B /* GrideItemView.m */ = {isa = PBXFileReference; fileEncoding = 4; lastKnownFileType = sourcecode.c.objc; path = GrideItemView.m; sourceTree = "<group>"; };
		9C5753A51D5B903000279D69 /* ZHPCellModel.h */ = {isa = PBXFileReference; fileEncoding = 4; lastKnownFileType = sourcecode.c.h; path = ZHPCellModel.h; sourceTree = "<group>"; };
		9C5753A61D5B903000279D69 /* ZHPCellModel.m */ = {isa = PBXFileReference; fileEncoding = 4; lastKnownFileType = sourcecode.c.objc; path = ZHPCellModel.m; sourceTree = "<group>"; };
/* End PBXFileReference section */

/* Begin PBXFrameworksBuildPhase section */
		9C36505C1D5B420000CC713B /* Frameworks */ = {
			isa = PBXFrameworksBuildPhase;
			buildActionMask = 2147483647;
			files = (
			);
			runOnlyForDeploymentPostprocessing = 0;
		};
/* End PBXFrameworksBuildPhase section */

/* Begin PBXGroup section */
		9C3650561D5B420000CC713B = {
			isa = PBXGroup;
			children = (
				9C3650611D5B420000CC713B /* CollectionView行个数固定 */,
				9C3650601D5B420000CC713B /* Products */,
			);
			sourceTree = "<group>";
		};
		9C3650601D5B420000CC713B /* Products */ = {
			isa = PBXGroup;
			children = (
				9C36505F1D5B420000CC713B /* CollectionView行个数固定.app */,
			);
			name = Products;
			sourceTree = "<group>";
		};
		9C3650611D5B420000CC713B /* CollectionView行个数固定 */ = {
			isa = PBXGroup;
			children = (
				9C36507E1D5B61F700CC713B /* tab_home_view_unselect@2x.png */,
				9C3650651D5B420000CC713B /* AppDelegate.h */,
				9C3650661D5B420000CC713B /* AppDelegate.m */,
				9C3650681D5B420000CC713B /* ViewController.h */,
				9C3650691D5B420000CC713B /* ViewController.m */,
				9C36506B1D5B420000CC713B /* Main.storyboard */,
				9C36506E1D5B420000CC713B /* Assets.xcassets */,
				9C3650701D5B420000CC713B /* LaunchScreen.storyboard */,
				9C3650731D5B420000CC713B /* Info.plist */,
				9C3650621D5B420000CC713B /* Supporting Files */,
			);
			path = "CollectionView行个数固定";
			sourceTree = "<group>";
		};
		9C3650621D5B420000CC713B /* Supporting Files */ = {
			isa = PBXGroup;
			children = (
				9C3650791D5B496D00CC713B /* tab_home_view_select@2x.png */,
				9C3650631D5B420000CC713B /* main.m */,
				9C3650851D5B681300CC713B /* GrideCell.h */,
				9C3650861D5B681300CC713B /* GrideCell.m */,
				9C3650871D5B681300CC713B /* GrideCell.xib */,
				9C36508A1D5B691600CC713B /* GrideViewCell.h */,
				9C36508B1D5B691600CC713B /* GrideViewCell.m */,
				9C36508D1D5B6E4F00CC713B /* GrideItemView.h */,
				9C36508E1D5B6E4F00CC713B /* GrideItemView.m */,
				9C5753A51D5B903000279D69 /* ZHPCellModel.h */,
				9C5753A61D5B903000279D69 /* ZHPCellModel.m */,
			);
			name = "Supporting Files";
			sourceTree = "<group>";
		};
/* End PBXGroup section */

/* Begin PBXNativeTarget section */
		9C36505E1D5B420000CC713B /* CollectionView行个数固定 */ = {
			isa = PBXNativeTarget;
			buildConfigurationList = 9C3650761D5B420000CC713B /* Build configuration list for PBXNativeTarget "CollectionView行个数固定" */;
			buildPhases = (
				9C36505B1D5B420000CC713B /* Sources */,
				9C36505C1D5B420000CC713B /* Frameworks */,
				9C36505D1D5B420000CC713B /* Resources */,
			);
			buildRules = (
			);
			dependencies = (
			);
			name = "CollectionView行个数固定";
			productName = "CollectionView行个数固定";
			productReference = 9C36505F1D5B420000CC713B /* CollectionView行个数固定.app */;
			productType = "com.apple.product-type.application";
		};
/* End PBXNativeTarget section */

/* Begin PBXProject section */
		9C3650571D5B420000CC713B /* Project object */ = {
			isa = PBXProject;
			attributes = {
				LastUpgradeCheck = 0730;
				ORGANIZATIONNAME = Leleda;
				TargetAttributes = {
					9C36505E1D5B420000CC713B = {
						CreatedOnToolsVersion = 7.3.1;
					};
				};
			};
			buildConfigurationList = 9C36505A1D5B420000CC713B /* Build configuration list for PBXProject "CollectionView行个数固定" */;
			compatibilityVersion = "Xcode 3.2";
			developmentRegion = English;
			hasScannedForEncodings = 0;
			knownRegions = (
				en,
				Base,
			);
			mainGroup = 9C3650561D5B420000CC713B;
			productRefGroup = 9C3650601D5B420000CC713B /* Products */;
			projectDirPath = "";
			projectRoot = "";
			targets = (
				9C36505E1D5B420000CC713B /* CollectionView行个数固定 */,
			);
		};
/* End PBXProject section */

/* Begin PBXResourcesBuildPhase section */
		9C36505D1D5B420000CC713B /* Resources */ = {
			isa = PBXResourcesBuildPhase;
			buildActionMask = 2147483647;
			files = (
				9C36507A1D5B496D00CC713B /* tab_home_view_select@2x.png in Resources */,
				9C3650891D5B681300CC713B /* GrideCell.xib in Resources */,
				9C3650721D5B420000CC713B /* LaunchScreen.storyboard in Resources */,
				9C36506F1D5B420000CC713B /* Assets.xcassets in Resources */,
				9C36507F1D5B61F700CC713B /* tab_home_view_unselect@2x.png in Resources */,
				9C36506D1D5B420000CC713B /* Main.storyboard in Resources */,
			);
			runOnlyForDeploymentPostprocessing = 0;
		};
/* End PBXResourcesBuildPhase section */

/* Begin PBXSourcesBuildPhase section */
		9C36505B1D5B420000CC713B /* Sources */ = {
			isa = PBXSourcesBuildPhase;
			buildActionMask = 2147483647;
			files = (
				9C36508C1D5B691600CC713B /* GrideViewCell.m in Sources */,
				9C5753A71D5B903000279D69 /* ZHPCellModel.m in Sources */,
				9C36508F1D5B6E4F00CC713B /* GrideItemView.m in Sources */,
				9C36506A1D5B420000CC713B /* ViewController.m in Sources */,
				9C3650671D5B420000CC713B /* AppDelegate.m in Sources */,
				9C3650881D5B681300CC713B /* GrideCell.m in Sources */,
				9C3650641D5B420000CC713B /* main.m in Sources */,
			);
			runOnlyForDeploymentPostprocessing = 0;
		};
/* End PBXSourcesBuildPhase section */

/* Begin PBXVariantGroup section */
		9C36506B1D5B420000CC713B /* Main.storyboard */ = {
			isa = PBXVariantGroup;
			children = (
				9C36506C1D5B420000CC713B /* Base */,
			);
			name = Main.storyboard;
			sourceTree = "<group>";
		};
		9C3650701D5B420000CC713B /* LaunchScreen.storyboard */ = {
			isa = PBXVariantGroup;
			children = (
				9C3650711D5B420000CC713B /* Base */,
			);
			name = LaunchScreen.storyboard;
			sourceTree = "<group>";
		};
/* End PBXVariantGroup section */

/* Begin XCBuildConfiguration section */
		9C3650741D5B420000CC713B /* Debug */ = {
			isa = XCBuildConfiguration;
			buildSettings = {
				ALWAYS_SEARCH_USER_PATHS = NO;
				CLANG_ANALYZER_NONNULL = YES;
				CLANG_CXX_LANGUAGE_STANDARD = "gnu++0x";
				CLANG_CXX_LIBRARY = "libc++";
				CLANG_ENABLE_MODULES = YES;
				CLANG_ENABLE_OBJC_ARC = YES;
				CLANG_WARN_BOOL_CONVERSION = YES;
				CLANG_WARN_CONSTANT_CONVERSION = YES;
				CLANG_WARN_DIRECT_OBJC_ISA_USAGE = YES_ERROR;
				CLANG_WARN_EMPTY_BODY = YES;
				CLANG_WARN_ENUM_CONVERSION = YES;
				CLANG_WARN_INT_CONVERSION = YES;
				CLANG_WARN_OBJC_ROOT_CLASS = YES_ERROR;
				CLANG_WARN_UNREACHABLE_CODE = YES;
				CLANG_WARN__DUPLICATE_METHOD_MATCH = YES;
				"CODE_SIGN_IDENTITY[sdk=iphoneos*]" = "iPhone Developer";
				COPY_PHASE_STRIP = NO;
				DEBUG_INFORMATION_FORMAT = dwarf;
				ENABLE_STRICT_OBJC_MSGSEND = YES;
				ENABLE_TESTABILITY = YES;
				GCC_C_LANGUAGE_STANDARD = gnu99;
				GCC_DYNAMIC_NO_PIC = NO;
				GCC_NO_COMMON_BLOCKS = YES;
				GCC_OPTIMIZATION_LEVEL = 0;
				GCC_PREPROCESSOR_DEFINITIONS = (
					"DEBUG=1",
					"$(inherited)",
				);
				GCC_WARN_64_TO_32_BIT_CONVERSION = YES;
				GCC_WARN_ABOUT_RETURN_TYPE = YES_ERROR;
				GCC_WARN_UNDECLARED_SELECTOR = YES;
				GCC_WARN_UNINITIALIZED_AUTOS = YES_AGGRESSIVE;
				GCC_WARN_UNUSED_FUNCTION = YES;
				GCC_WARN_UNUSED_VARIABLE = YES;
				IPHONEOS_DEPLOYMENT_TARGET = 9.3;
				MTL_ENABLE_DEBUG_INFO = YES;
				ONLY_ACTIVE_ARCH = YES;
				SDKROOT = iphoneos;
			};
			name = Debug;
		};
		9C3650751D5B420000CC713B /* Release */ = {
			isa = XCBuildConfiguration;
			buildSettings = {
				ALWAYS_SEARCH_USER_PATHS = NO;
				CLANG_ANALYZER_NONNULL = YES;
				CLANG_CXX_LANGUAGE_STANDARD = "gnu++0x";
				CLANG_CXX_LIBRARY = "libc++";
				CLANG_ENABLE_MODULES = YES;
				CLANG_ENABLE_OBJC_ARC = YES;
				CLANG_WARN_BOOL_CONVERSION = YES;
				CLANG_WARN_CONSTANT_CONVERSION = YES;
				CLANG_WARN_DIRECT_OBJC_ISA_USAGE = YES_ERROR;
				CLANG_WARN_EMPTY_BODY = YES;
				CLANG_WARN_ENUM_CONVERSION = YES;
				CLANG_WARN_INT_CONVERSION = YES;
				CLANG_WARN_OBJC_ROOT_CLASS = YES_ERROR;
				CLANG_WARN_UNREACHABLE_CODE = YES;
				CLANG_WARN__DUPLICATE_METHOD_MATCH = YES;
				"CODE_SIGN_IDENTITY[sdk=iphoneos*]" = "iPhone Developer";
				COPY_PHASE_STRIP = NO;
				DEBUG_INFORMATION_FORMAT = "dwarf-with-dsym";
				ENABLE_NS_ASSERTIONS = NO;
				ENABLE_STRICT_OBJC_MSGSEND = YES;
				GCC_C_LANGUAGE_STANDARD = gnu99;
				GCC_NO_COMMON_BLOCKS = YES;
				GCC_WARN_64_TO_32_BIT_CONVERSION = YES;
				GCC_WARN_ABOUT_RETURN_TYPE = YES_ERROR;
				GCC_WARN_UNDECLARED_SELECTOR = YES;
				GCC_WARN_UNINITIALIZED_AUTOS = YES_AGGRESSIVE;
				GCC_WARN_UNUSED_FUNCTION = YES;
				GCC_WARN_UNUSED_VARIABLE = YES;
				IPHONEOS_DEPLOYMENT_TARGET = 9.3;
				MTL_ENABLE_DEBUG_INFO = NO;
				SDKROOT = iphoneos;
				VALIDATE_PRODUCT = YES;
			};
			name = Release;
		};
		9C3650771D5B420000CC713B /* Debug */ = {
			isa = XCBuildConfiguration;
			buildSettings = {
				ASSETCATALOG_COMPILER_APPICON_NAME = AppIcon;
				INFOPLIST_FILE = "CollectionView行个数固定/Info.plist";
				LD_RUNPATH_SEARCH_PATHS = "$(inherited) @executable_path/Frameworks";
				PRODUCT_BUNDLE_IDENTIFIER = "com.leleda.CollectionView-----";
				PRODUCT_NAME = "$(TARGET_NAME)";
				TARGETED_DEVICE_FAMILY = "1,2";
			};
			name = Debug;
		};
		9C3650781D5B420000CC713B /* Release */ = {
			isa = XCBuildConfiguration;
			buildSettings = {
				ASSETCATALOG_COMPILER_APPICON_NAME = AppIcon;
				INFOPLIST_FILE = "CollectionView行个数固定/Info.plist";
				LD_RUNPATH_SEARCH_PATHS = "$(inherited) @executable_path/Frameworks";
				PRODUCT_BUNDLE_IDENTIFIER = "com.leleda.CollectionView-----";
				PRODUCT_NAME = "$(TARGET_NAME)";
				TARGETED_DEVICE_FAMILY = "1,2";
			};
			name = Release;
		};
/* End XCBuildConfiguration section */

/* Begin XCConfigurationList section */
		9C36505A1D5B420000CC713B /* Build configuration list for PBXProject "CollectionView行个数固定" */ = {
			isa = XCConfigurationList;
			buildConfigurations = (
				9C3650741D5B420000CC713B /* Debug */,
				9C3650751D5B420000CC713B /* Release */,
			);
			defaultConfigurationIsVisible = 0;
			defaultConfigurationName = Release;
		};
		9C3650761D5B420000CC713B /* Build configuration list for PBXNativeTarget "CollectionView行个数固定" */ = {
			isa = XCConfigurationList;
			buildConfigurations = (
				9C3650771D5B420000CC713B /* Debug */,
				9C3650781D5B420000CC713B /* Release */,
			);
			defaultConfigurationIsVisible = 0;
			defaultConfigurationName = Release;
		};
/* End XCConfigurationList section */
	};
	rootObject = 9C3650571D5B420000CC713B /* Project object */;
}
